
Microsoft Visual Studio Solution File, Format Version 12.00
# Visual Studio Version 16
VisualStudioVersion = 16.0.31321.278
MinimumVisualStudioVersion = 10.0.40219.1
Project("{FAE04EC0-301F-11D3-BF4B-00C04F79EFBC}") = "AlasyamA2", "AlasyamA2.csproj", "{743663A3-FF57-4A8F-887C-05D584C849F6}"
EndProject
Global
	GlobalSection(SolutionConfigurationPlatforms) = preSolution
		Debug|Any CPU = Debug|Any CPU
		Release|Any CPU = Release|Any CPU
	EndGlobalSection
	GlobalSection(ProjectConfigurationPlatforms) = postSolution
		{743663A3-FF57-4A8F-887C-05D584C849F6}.Debug|Any CPU.ActiveCfg = Debug|Any CPU
		{743663A3-FF57-4A8F-887C-05D584C849F6}.Debug|Any CPU.Build.0 = Debug|Any CPU
		{743663A3-FF57-4A8F-887C-05D584C849F6}.Release|Any CPU.ActiveCfg = Release|Any CPU
		{743663A3-FF57-4A8F-887C-05D584C849F6}.Release|Any CPU.Build.0 = Release|Any CPU
	EndGlobalSection
	GlobalSection(SolutionProperties) = preSolution
		HideSolutionNode = FALSE
	EndGlobalSection
	GlobalSection(ExtensibilityGlobals) = postSolution
		SolutionGuid = {04EED79C-ECFC-4430-B3C8-34735484EBB4}
	EndGlobalSection
EndGlobal
